<?xml version="1.0" encoding="utf-8"?>
<Project ToolsVersion="4.0" xmlns="http://schemas.microsoft.com/developer/msbuild/2003">
  <ItemGroup>
    <ClCompile Include="External\DXTK\DDSTextureLoader.cpp" />
    <ClCompile Include="SnailEngine\Core\Camera\Projections\OrthographicProjection.cpp" />
    <ClCompile Include="SnailEngine\Core\Camera\Projections\PerspectiveProjection.cpp" />
    <ClCompile Include="SnailEngine\Core\Math\SimpleMath.cpp" />
    <ClCompile Include="SnailEngine\Core\Camera\Camera.cpp" />
    <ClCompile Include="SnailEngine\Core\Camera\CameraManager.cpp" />
    <ClCompile Include="SnailEngine\Core\Clock.cpp" />
    <ClCompile Include="SnailEngine\Core\Math\Transform2D.cpp" />
    <ClCompile Include="SnailEngine\Core\RendererModule.cpp" />
    <ClCompile Include="SnailEngine\Core\SceneParser.cpp" />
    <ClCompile Include="SnailEngine\Core\ThreadPool.cpp" />
    <ClCompile Include="SnailEngine\Entities\CubeSkybox.cpp" />
    <ClCompile Include="SnailEngine\Core\Input\Controller.cpp" />
    <ClCompile Include="SnailEngine\Core\Input\Keyboard.cpp" />
    <ClCompile Include="SnailEngine\Core\Input\Mouse.cpp" />
    <ClCompile Include="SnailEngine\Core\Mesh\CubeMapMesh.cpp" />
    <ClCompile Include="SnailEngine\Core\Mesh\CubeMesh.cpp" />
    <ClCompile Include="SnailEngine\Core\Mesh\TerrainMesh.cpp" />
    <ClCompile Include="SnailEngine\Core\Assets\MeshManager.cpp" />
    <ClCompile Include="SnailEngine\Core\Physics\DynamicPhysicsObject.cpp" />
    <ClCompile Include="SnailEngine\Core\Physics\PhysicsModule.cpp" />
    <ClCompile Include="SnailEngine\Core\Physics\PhysicsObject.cpp" />
    <ClCompile Include="SnailEngine\Core\Physics\StaticPhysicsObject.cpp" />
    <ClCompile Include="SnailEngine\Core\Scene.cpp" />
    <ClCompile Include="SnailEngine\Entities\Entity.cpp" />
    <ClCompile Include="SnailEngine\Core\Mesh\SphereMesh.cpp" />
    <ClCompile Include="SnailEngine\Core\Math\Transform.cpp" />
    <ClCompile Include="SnailEngine\Entities\Triggers\TriggerBox.cpp" />
    <ClCompile Include="SnailEngine\Rendering\UI\Button.cpp" />
    <ClCompile Include="SnailEngine\Rendering\UI\Font.cpp" />
    <ClCompile Include="SnailEngine\Rendering\UI\Fonts\Arial.cpp" />
    <ClCompile Include="SnailEngine\Entities\TerrainChunk.cpp" />
    <ClCompile Include="SnailEngine\Rendering\UI\LoadingScreen.cpp" />
    <ClCompile Include="SnailEngine\Rendering\UI\PauseMenu.cpp" />
    <ClCompile Include="SnailEngine\Rendering\UI\Sprite.cpp" />
    <ClCompile Include="SnailEngine\Rendering\UI\SpriteVertex.cpp" />
    <ClCompile Include="SnailEngine\Rendering\Shaders\ComputeShader.cpp" />
    <ClCompile Include="SnailEngine\Util\Logger.cpp" />
    <ClCompile Include="SnailEngine\Rendering\UI\Text.cpp" />
    <ClCompile Include="SnailEngine\Rendering\UI\TextVertex.cpp" />
    <ClCompile Include="SnailEngine\Rendering\UI\UIElement.cpp" />
    <ClCompile Include="SnailEngine\Util\SnailException.cpp" />
    <ClCompile Include="SnailEngine\Rendering\Texture.cpp" />
    <ClCompile Include="SnailEngine\Rendering\TexturedMaterial.cpp" />
    <ClCompile Include="SnailEngine\Util\DebugUtils.cpp" />
    <ClCompile Include="External\imgui\imgui.cpp" />
    <ClCompile Include="External\imgui\imgui_demo.cpp" />
    <ClCompile Include="External\imgui\imgui_draw.cpp" />
    <ClCompile Include="External\imgui\imgui_impl_dx11.cpp" />
    <ClCompile Include="External\imgui\imgui_impl_win32.cpp" />
    <ClCompile Include="External\imgui\imgui_tables.cpp" />
    <ClCompile Include="External\imgui\imgui_widgets.cpp" />
    <ClCompile Include="SnailEngine\Util\JsonUtil.cpp" />
    <ClCompile Include="SnailEngine\Entities\Cube.cpp" />
    <ClCompile Include="SnailEngine\Entities\Terrain.cpp" />
    <ClCompile Include="SnailEngine\Rendering\Lights\DirectionalLight.cpp" />
    <ClCompile Include="SnailEngine\Rendering\Lights\PointLight.cpp" />
    <ClCompile Include="SnailEngine\Rendering\Lights\SpotLight.cpp" />
    <ClCompile Include="SnailEngine\Rendering\MeshVertex.cpp" />
    <ClCompile Include="SnailEngine\Rendering\Buffers\D3D11Buffer.cpp" />
    <ClCompile Include="SnailEngine\Rendering\D3D11Device.cpp" />
    <ClCompile Include="SnailEngine\Util\Util.cpp" />
    <ClCompile Include="SnailEngine\Rendering\Shadows\DirectionalShadowMap.cpp" />
    <ClCompile Include="SnailEngine\Core\WindowsEngine.cpp" />
    <ClCompile Include="SnailEngine\Core\SnailEngine.cpp" />
    <ClCompile Include="SnailEngine\Rendering\DeviceInfo.cpp" />
    <ClCompile Include="SnailEngine\Rendering\InputAssembler.cpp" />
    <ClCompile Include="SnailEngine\Rendering\Image.cpp" />
    <ClCompile Include="SnailEngine\Rendering\Shaders\EffectsShader.cpp" />
    <ClCompile Include="SnailEngine\Rendering\Shaders\GeometryShader.cpp" />
    <ClCompile Include="SnailEngine\Rendering\Shaders\PixelShader.cpp" />
    <ClCompile Include="SnailEngine\Rendering\Shaders\Shader.cpp" />
    <ClCompile Include="SnailEngine\Rendering\Shaders\VertexShader.cpp" />
    <ClCompile Include="SnailEngine\Rendering\Texture2D.cpp" />
    <ClCompile Include="SnailEngine\Rendering\TextureCube.cpp" />
    <ClCompile Include="SnailEngine\Core\Assets\TextureManager.cpp" />
    <ClCompile Include="SnailEngine\Entities\Sphere.cpp" />
    <ClCompile Include="stdafx.cpp" />
    <ClCompile Include="SnailEngine\Core\Physics\PhysicsVehicle.cpp" />
    <ClCompile Include="SnailEngine\Gameplay\GameManager.cpp" />
    <ClCompile Include="SnailEngine\Entities\Vehicle.cpp" />
    <ClCompile Include="SnailEngine\Rendering\UI\WinScreen.cpp" />
    <ClCompile Include="SnailEngine\Core\Physics\Vehicle\BaseVehicle.cpp" />
    <ClCompile Include="SnailEngine\Core\Physics\Vehicle\DirectDriveVehicle.cpp" />
    <ClCompile Include="SnailEngine\Core\Mesh\SubMesh.cpp" />
    <ClCompile Include="SnailEngine\Core\Physics\Vehicle\PhysXActorVehicle.cpp" />
    <ClCompile Include="SnailEngine\Util\PhysX\BaseSerialization.cpp" />
    <ClCompile Include="SnailEngine\Util\PhysX\DirectDrivetrainSerialization.cpp" />
    <ClCompile Include="SnailEngine\Util\PhysX\SerializationCommon.cpp" />
    <ClCompile Include="SnailEngine\Util\RapidObjUtil.cpp" />
    <ClCompile Include="SnailEngine\Core\Mesh\SubMesh.cpp" />
    <ClCompile Include="SnailEngine\Rendering\Effects\Effect.cpp" />
    <ClCompile Include="SnailEngine\Rendering\Effects\PostProcessing\ChromaticAberrationEffect.cpp" />
    <ClCompile Include="SnailEngine\Rendering\Effects\PostProcessing\VignetteEffect.cpp" />
    <ClCompile Include="SnailEngine\Rendering\Effects\ScreenShakeEffect.cpp" />
    <ClCompile Include="SnailEngine\Util\RapidObjUtil.cpp" />
    <ClCompile Include="SnailEngine\Core\Mesh\QuadMesh.cpp" />
    <ClCompile Include="SnailEngine\Entities\Billboard.cpp" />
    <ClCompile Include="SnailEngine\Rendering\UI\TimeUI.cpp" />
    <ClCompile Include="SnailEngine\Entities\GrassGenerator.cpp" />
    <ClCompile Include="SnailEngine\Core\Mesh\Mesh.cpp" />
    <ClCompile Include="SnailEngine\Rendering\UI\SpeedUI.cpp" />
    <ClCompile Include="SnailEngine\Rendering\Buffers\StructuredBuffer.cpp" />
    <ClCompile Include="SnailEngine\Entities\InvisibleWall.cpp" />
    <ClCompile Include="SnailEngine\Entities\InstancedEntity.cpp" />
    <ClCompile Include="SnailEngine\Entities\Door.cpp" />
    <ClCompile Include="SnailEngine\Core\Mesh\BillboardMesh.cpp" />
    <ClCompile Include="SnailEngine\Entities\Decal.cpp" />
    <ClCompile Include="SnailEngine\Core\Mesh\DecalMesh.cpp" />
    <ClCompile Include="SnailEngine\Rendering\Effects\PostProcessing\SSAOEffect.cpp" />
    <ClCompile Include="SnailEngine\Rendering\Effects\PostProcessing\BlurEffect.cpp" />
    <ClCompile Include="SnailEngine\Core\Physics\Vehicle\EngineDriveVehicle.cpp" />
    <ClCompile Include="SnailEngine\Util\PhysX\EngineDrivetrainSerialization.cpp" />
    <ClCompile Include="SnailEngine\Rendering\DrawContext.cpp" />
    <ClCompile Include="SnailEngine\Entities\Triggers\AdaptiveLightingTrigger.cpp" />
    <ClCompile Include="SnailEngine\Entities\Triggers\KeyTrigger.cpp" />
    <ClCompile Include="SnailEngine\Entities\Triggers\CheckpointTrigger.cpp" />
    <ClCompile Include="SnailEngine\Entities\Triggers\BoostTrigger.cpp" />
    <ClCompile Include="SnailEngine\Rendering\UI\MainMenu.cpp" />
    <ClCompile Include="SnailEngine\Entities\MenuMesh.cpp" />
    <ClCompile Include="SnailEngine\Rendering\UI\LapUI.cpp" />
    <ClCompile Include="SnailEngine\Entities\Firefly.cpp" />
    <ClCompile Include="SnailEngine\Entities\Decal.cpp" />
    <ClCompile Include="SnailEngine\Core\Mesh\DecalMesh.cpp" />
    <ClCompile Include="SnailEngine\Rendering\Effects\PostProcessing\SSAOEffect.cpp" />
    <ClCompile Include="SnailEngine\Rendering\Effects\PostProcessing\BlurEffect.cpp" />
    <ClCompile Include="SnailEngine\Rendering\DrawContext.cpp" />
    <ClCompile Include="SnailEngine\Entities\Triggers\AdaptiveLightingTrigger.cpp" />
    <ClCompile Include="SnailEngine\Entities\Triggers\KeyTrigger.cpp" />
    <ClCompile Include="SnailEngine\Entities\Triggers\CheckpointTrigger.cpp" />
    <ClCompile Include="SnailEngine\Entities\Triggers\BoostTrigger.cpp" />
    <ClCompile Include="SnailEngine\Rendering\UI\SceneTransition.cpp" />
    <ClCompile Include="SnailEngine\Rendering\UI\InfiniteSprite.cpp" />
    <ClCompile Include="SnailEngine\Rendering\UI\CountdownText.cpp" />
    <ClCompile Include="SnailEngine\Rendering\UI\Animation.cpp" />
    <ClCompile Include="SnailEngine\Rendering\VolumetricLighting.cpp" />
  </ItemGroup>
  <ItemGroup>
    <ResourceCompile Include="SnailEngine\Core\WindowsResource\SnailEngine.rc" />
  </ItemGroup>
  <ItemGroup>
    <Image Include="SnailEngine\Core\WindowsResource\SnailEngine.ico" />
    <Image Include="SnailEngine\Core\WindowsResource\small.ico" />
  </ItemGroup>
  <ItemGroup>
    <None Include="SnailEngine\Core\Math\SimpleMath.inl" />
    <None Include="..\.editorconfig" />
    <None Include="..\README.md" />
    <None Include="..\example.json" />
  </ItemGroup>
  <ItemGroup>
    <ClInclude Include="SnailEngine\Core\Assets\ModuleManager.h" />
    <ClInclude Include="SnailEngine\Core\DataStructures\FixedVector.h" />
    <ClInclude Include="SnailEngine\Core\Camera\Projections\OrthographicProjection.h" />
    <ClInclude Include="SnailEngine\Core\Camera\Projections\PerspectiveProjection.h" />
    <ClInclude Include="SnailEngine\Core\Camera\Projections\Projection.h" />
    <ClInclude Include="SnailEngine\Core\Math\Quad.h" />
    <ClInclude Include="SnailEngine\Core\Math\Transform2D.h" />
    <ClInclude Include="SnailEngine\Core\Physics\Callbacks\ContactCallback.h" />
    <ClInclude Include="SnailEngine\Core\Physics\PhysicsVehicle.h" />
    <ClInclude Include="SnailEngine\Core\RendererModule.h" />
    <ClInclude Include="SnailEngine\Core\Math\SimpleMath.h" />
    <ClInclude Include="SnailEngine\Core\SceneParser.h" />
    <ClInclude Include="SnailEngine\Core\ThreadPool.h" />
    <ClInclude Include="SnailEngine\Entities\Triggers\TriggerBox.h" />
    <ClInclude Include="SnailEngine\Gameplay\GameManager.h" />
    <ClInclude Include="SnailEngine\Entities\Vehicle.h" />
    <ClInclude Include="SnailEngine\Rendering\UI\Button.h" />
    <ClInclude Include="SnailEngine\Rendering\UI\Font.h" />
    <ClInclude Include="SnailEngine\Rendering\UI\Fonts\Arial.h" />
    <ClInclude Include="SnailEngine\Rendering\UI\Fonts\FontDefs.h" />
    <ClInclude Include="SnailEngine\Rendering\UI\Fonts\Verdana.h" />
    <ClInclude Include="SnailEngine\Entities\TerrainChunk.h" />
    <ClInclude Include="SnailEngine\Rendering\UI\LoadingScreen.h" />
    <ClInclude Include="SnailEngine\Rendering\UI\PauseMenu.h" />
    <ClInclude Include="SnailEngine\Rendering\UI\Sprite.h" />
    <ClInclude Include="SnailEngine\Rendering\UI\SpriteVertex.h" />
    <ClInclude Include="SnailEngine\Rendering\UI\Text.h" />
    <ClInclude Include="SnailEngine\Rendering\UI\TextVertex.h" />
    <ClInclude Include="SnailEngine\Rendering\UI\UIElement.h" />
    <ClInclude Include="SnailEngine\Rendering\Shaders\ComputeShader.h" />
    <ClInclude Include="SnailEngine\Rendering\UI\WinScreen.h" />
    <ClInclude Include="SnailEngine\Util\FormatUtil.h" />
    <ClInclude Include="SnailEngine\Util\Logger.h" />
    <ClInclude Include="SnailEngine\Util\SnailException.h" />
    <ClInclude Include="SnailEngine\Util\JsonUtil.h" />
    <ClInclude Include="SnailEngine\Entities\CubeSkybox.h" />
    <ClInclude Include="SnailEngine\Core\Camera\CameraManager.h" />
    <ClInclude Include="Core\CubeSkybox.h" />
    <ClInclude Include="SnailEngine\Core\Input\Controller.h" />
    <ClInclude Include="SnailEngine\Core\Input\InputModule.h" />
    <ClInclude Include="SnailEngine\Core\Input\Keyboard.h" />
    <ClInclude Include="SnailEngine\Core\Input\Mouse.h" />
    <ClInclude Include="SnailEngine\Core\Mesh\CubeMapMesh.h" />
    <ClInclude Include="SnailEngine\Core\Assets\MeshManager.h" />
    <ClInclude Include="SnailEngine\Core\Physics\DynamicPhysicsObject.h" />
    <ClInclude Include="SnailEngine\Core\Physics\PhysicsModule.h" />
    <ClInclude Include="SnailEngine\Core\Physics\PhysicsObject.h" />
    <ClInclude Include="SnailEngine\Core\Physics\PhysXAllocator.h" />
    <ClInclude Include="SnailEngine\Core\Physics\StaticPhysicsObject.h" />
    <ClInclude Include="SnailEngine\Core\WindowsResource\resource.h" />
    <ClInclude Include="SnailEngine\Util\DebugUtil.h" />
    <ClInclude Include="SnailEngine\Util\BufferUtil.h" />
    <ClInclude Include="SnailEngine\Core\Camera\Camera.h" />
    <ClInclude Include="SnailEngine\Core\Mesh\CubeMesh.h" />
    <ClInclude Include="SnailEngine\Core\Mesh\TerrainMesh.h" />
    <ClInclude Include="SnailEngine\Core\Mesh\Mesh.h" />
    <ClInclude Include="SnailEngine\Core\Mesh\SphereMesh.h" />
    <ClInclude Include="External\imgui\imconfig.h" />
    <ClInclude Include="External\imgui\imgui.h" />
    <ClInclude Include="External\imgui\imgui_impl_dx11.h" />
    <ClInclude Include="External\imgui\imgui_impl_win32.h" />
    <ClInclude Include="External\imgui\imgui_internal.h" />
    <ClInclude Include="External\imgui\imstb_rectpack.h" />
    <ClInclude Include="External\imgui\imstb_textedit.h" />
    <ClInclude Include="External\imgui\imstb_truetype.h" />
    <ClInclude Include="External\rapidobj\rapidobj.hpp" />
    <ClInclude Include="SnailEngine\Entities\Terrain.h" />
    <ClInclude Include="SnailEngine\Entities\Entity.h" />
    <ClInclude Include="SnailEngine\Rendering\Buffers\D3D11Buffer.h" />
    <ClInclude Include="Core\resource.h" />
    <ClInclude Include="SnailEngine\Core\Scene.h" />
    <ClInclude Include="SnailEngine\Core\Math\Transform.h" />
    <ClInclude Include="SnailEngine\Rendering\D3D11Device.h" />
    <ClInclude Include="SnailEngine\Rendering\Device.h" />
    <ClInclude Include="Rendering\DirectXAllocation.h" />
    <ClInclude Include="SnailEngine\Rendering\MeshVertex.h" />
    <ClInclude Include="SnailEngine\Core\Clock.h" />
    <ClInclude Include="SnailEngine\Entities\Cube.h" />
    <ClInclude Include="SnailEngine\Core\Engine.h" />
    <ClInclude Include="SnailEngine\Rendering\DeviceInfo.h" />
    <ClInclude Include="SnailEngine\Rendering\Shadows\DirectionalShadowMap.h" />
    <ClInclude Include="SnailEngine\Rendering\Shadows\ShadowMap.h" />
    <ClInclude Include="SnailEngine\Rendering\Texture.h" />
    <ClInclude Include="SnailEngine\Rendering\Shaders\EffectsShader.h" />
    <ClInclude Include="SnailEngine\Rendering\Shaders\GeometryShader.h" />
    <ClInclude Include="SnailEngine\Rendering\InputAssembler.h" />
    <ClInclude Include="SnailEngine\Rendering\Lights\DirectionalLight.h" />
    <ClInclude Include="SnailEngine\Rendering\Lights\Light.h" />
    <ClInclude Include="SnailEngine\Rendering\TexturedMaterial.h" />
    <ClInclude Include="SnailEngine\Rendering\Shaders\PixelShader.h" />
    <ClInclude Include="SnailEngine\Rendering\Lights\PointLight.h" />
    <ClInclude Include="SnailEngine\Rendering\Shaders\Shader.h" />
    <ClInclude Include="SnailEngine\Rendering\Lights\SpotLight.h" />
    <ClInclude Include="SnailEngine\Rendering\Image.h" />
    <ClInclude Include="SnailEngine\Rendering\Shaders\VertexShader.h" />
    <ClInclude Include="SnailEngine\Rendering\Texture2D.h" />
    <ClInclude Include="SnailEngine\Rendering\TextureCube.h" />
    <ClInclude Include="SnailEngine\Core\Assets\TextureManager.h" />
    <ClInclude Include="SnailEngine\Util\Singleton.h" />
    <ClInclude Include="SnailEngine\Core\WindowsEngine.h" />
    <ClInclude Include="SnailEngine\Core\SnailEngine.h" />
    <ClInclude Include="SnailEngine\Entities\Sphere.h" />
    <ClInclude Include="stdafx.h" />
    <ClInclude Include="SnailEngine\Util\Util.h" />
    <ClInclude Include="External\rapidjson\allocators.h" />
    <ClInclude Include="External\rapidjson\document.h" />
    <ClInclude Include="External\rapidjson\encodedstream.h" />
    <ClInclude Include="External\rapidjson\encodings.h" />
    <ClInclude Include="External\rapidjson\error\en.h" />
    <ClInclude Include="External\rapidjson\error\error.h" />
    <ClInclude Include="External\rapidjson\filereadstream.h" />
    <ClInclude Include="External\rapidjson\filewritestream.h" />
    <ClInclude Include="External\rapidjson\fwd.h" />
    <ClInclude Include="External\rapidjson\internal\biginteger.h" />
    <ClInclude Include="External\rapidjson\internal\diyfp.h" />
    <ClInclude Include="External\rapidjson\internal\dtoa.h" />
    <ClInclude Include="External\rapidjson\internal\ieee754.h" />
    <ClInclude Include="External\rapidjson\internal\itoa.h" />
    <ClInclude Include="External\rapidjson\internal\meta.h" />
    <ClInclude Include="External\rapidjson\internal\pow10.h" />
    <ClInclude Include="External\rapidjson\internal\regex.h" />
    <ClInclude Include="External\rapidjson\internal\stack.h" />
    <ClInclude Include="External\rapidjson\internal\strfunc.h" />
    <ClInclude Include="External\rapidjson\internal\strtod.h" />
    <ClInclude Include="External\rapidjson\internal\swap.h" />
    <ClInclude Include="External\rapidjson\istreamwrapper.h" />
    <ClInclude Include="External\rapidjson\memorybuffer.h" />
    <ClInclude Include="External\rapidjson\memorystream.h" />
    <ClInclude Include="External\rapidjson\msinttypes\inttypes.h" />
    <ClInclude Include="External\rapidjson\msinttypes\stdint.h" />
    <ClInclude Include="External\rapidjson\ostreamwrapper.h" />
    <ClInclude Include="External\rapidjson\pointer.h" />
    <ClInclude Include="External\rapidjson\prettywriter.h" />
    <ClInclude Include="External\rapidjson\rapidjson.h" />
    <ClInclude Include="External\rapidjson\reader.h" />
    <ClInclude Include="External\rapidjson\schema.h" />
    <ClInclude Include="External\rapidjson\stream.h" />
    <ClInclude Include="External\rapidjson\stringbuffer.h" />
    <ClInclude Include="External\rapidjson\writer.h" />
    <ClInclude Include="SnailEngine\Core\Mesh\SubMesh.h" />
    <ClInclude Include="SnailEngine\Core\Physics\PhysicsDescriptor.h" />
    <ClInclude Include="SnailEngine\Core\Physics\Vehicle\BaseVehicle.h" />
    <ClInclude Include="SnailEngine\Core\Physics\Vehicle\PhysXActorVehicle.h" />
    <ClInclude Include="SnailEngine\Core\Physics\Vehicle\DirectDriveVehicle.h" />
    <ClInclude Include="SnailEngine\Util\PhysX\BaseSerialization.h" />
    <ClInclude Include="SnailEngine\Util\PhysX\DirectDrivetrainSerialization.h" />
    <ClInclude Include="SnailEngine\Util\PhysX\SerializationCommon.h" />
    <ClInclude Include="SnailEngine\Util\RapidObjUtil.h" />
    <ClInclude Include="SnailEngine\Core\Physics\Callbacks\VehicleQueryCallback.h" />
    <ClInclude Include="SnailEngine\Rendering\Effects\Effect.h" />
    <ClInclude Include="SnailEngine\Rendering\Effects\PostProcessing\ChromaticAberrationEffect.h" />
    <ClInclude Include="SnailEngine\Rendering\Effects\PostProcessing\PostProcessEffect.h" />
    <ClInclude Include="SnailEngine\Core\Mesh\QuadMesh.h" />
    <ClInclude Include="SnailEngine\Entities\Billboard.h" />
    <ClInclude Include="SnailEngine\Rendering\Effects\PostProcessing\VignetteEffect.h" />
    <ClInclude Include="SnailEngine\Rendering\Effects\ScreenShakeEffect.h" />
    <ClInclude Include="SnailEngine\Rendering\UI\TimeUI.h" />
    <ClInclude Include="SnailEngine\Entities\GrassGenerator.h" />
    <ClInclude Include="SnailEngine\Rendering\UI\SpeedUI.h" />
    <ClInclude Include="SnailEngine\Rendering\Buffers\StructuredBuffer.h" />
    <ClInclude Include="SnailEngine\Entities\InvisibleWall.h" />
    <ClInclude Include="SnailEngine\Entities\InstancedEntity.h" />
    <ClInclude Include="SnailEngine\Entities\Door.h" />
    <ClInclude Include="SnailEngine\Core\Mesh\BillboardMesh.h" />
    <ClInclude Include="SnailEngine\Rendering\DrawContext.h" />
    <ClInclude Include="SnailEngine\Entities\Decal.h" />
    <ClInclude Include="SnailEngine\Core\Mesh\DecalMesh.h" />
    <ClInclude Include="SnailEngine\Rendering\Effects\PostProcessing\SSAOEffect.h" />
    <ClInclude Include="SnailEngine\Rendering\Effects\PostProcessing\BlurEffect.h" />
    <ClInclude Include="SnailEngine\Core\Physics\Vehicle\EngineDriveVehicle.h" />
    <ClInclude Include="SnailEngine\Util\PhysX\EngineDrivetrainSerialization.h" />
    <ClInclude Include="SnailEngine\Entities\Triggers\AdaptiveLightingTrigger.h" />
    <ClInclude Include="SnailEngine\Entities\Triggers\CheckpointTrigger.h" />
    <ClInclude Include="SnailEngine\Entities\Triggers\KeyTrigger.h" />
    <ClInclude Include="SnailEngine\Entities\Triggers\BoostTrigger.h" />
    <ClInclude Include="SnailEngine\Rendering\VolumetricLighting.h" />
    <ClInclude Include="SnailEngine\Rendering\UI\SceneTransition.h" />
    <ClInclude Include="SnailEngine\Rendering\UI\InfiniteSprite.h" />
    <ClInclude Include="SnailEngine\Rendering\UI\CountdownText.h" />
    <ClInclude Include="SnailEngine\Rendering\UI\Animation.h" />
    <ClInclude Include="SnailEngine\Rendering\UI\LapUI.h" />
    <ClInclude Include="SnailEngine\Entities\Firefly.h" />
    <ClInclude Include="SnailEngine\Entities\Decal.h" />
    <ClInclude Include="SnailEngine\Core\Mesh\DecalMesh.h" />
    <ClInclude Include="SnailEngine\Rendering\Effects\PostProcessing\SSAOEffect.h" />
    <ClInclude Include="SnailEngine\Rendering\Effects\PostProcessing\BlurEffect.h" />
    <ClInclude Include="SnailEngine\Entities\Triggers\AdaptiveLightingTrigger.h" />
    <ClInclude Include="SnailEngine\Entities\Triggers\CheckpointTrigger.h" />
    <ClInclude Include="SnailEngine\Entities\Triggers\KeyTrigger.h" />
    <ClInclude Include="SnailEngine\Entities\Triggers\BoostTrigger.h" />
    <ClInclude Include="SnailEngine\Rendering\UI\MainMenu.h" />
    <ClInclude Include="SnailEngine\Entities\MenuMesh.h" />
  </ItemGroup>
  <ItemGroup>
    <Text Include="SnailEngine.log" />
  </ItemGroup>
</Project>